
Microsoft Visual Studio Solution File, Format Version 12.00
# Visual Studio 15
VisualStudioVersion = 15.0.33423.255
MinimumVisualStudioVersion = 10.0.40219.1
Project("{FAE04EC0-301F-11D3-BF4B-00C04F79EFBC}") = "Alkamous", "Alkamous\Alkamous.csproj", "{FF6E78A0-E464-4032-B376-3A7E63046B2E}"
EndProject
Global
	GlobalSection(SolutionConfigurationPlatforms) = preSolution
		Debug|Any CPU = Debug|Any CPU
		Release|Any CPU = Release|Any CPU
	EndGlobalSection
	GlobalSection(ProjectConfigurationPlatforms) = postSolution
		{FF6E78A0-E464-4032-B376-3A7E63046B2E}.Debug|Any CPU.ActiveCfg = Debug|Any CPU
		{FF6E78A0-E464-4032-B376-3A7E63046B2E}.Debug|Any CPU.Build.0 = Debug|Any CPU
		{FF6E78A0-E464-4032-B376-3A7E63046B2E}.Release|Any CPU.ActiveCfg = Release|Any CPU
		{FF6E78A0-E464-4032-B376-3A7E63046B2E}.Release|Any CPU.Build.0 = Release|Any CPU
	EndGlobalSection
	GlobalSection(SolutionProperties) = preSolution
		HideSolutionNode = FALSE
	EndGlobalSection
	GlobalSection(ExtensibilityGlobals) = postSolution
		SolutionGuid = {FF412AC9-215F-4869-980E-B59F1B367FE6}
	EndGlobalSection
EndGlobal
